
Microsoft Visual Studio Solution File, Format Version 12.00
# Visual Studio 2013
VisualStudioVersion = 12.0.30626.0
MinimumVisualStudioVersion = 10.0.40219.1
Project("{FAE04EC0-301F-11D3-BF4B-00C04F79EFBC}") = "SignalRDemo.WPF", "SignalRDemo.WPF\SignalRDemo.WPF.csproj", "{43E01A7D-81D2-4FFA-AB20-3C5BE9DCE130}"
EndProject
Project("{FAE04EC0-301F-11D3-BF4B-00C04F79EFBC}") = "SignalRDemo.Android", "SignalRDemo.Android\SignalRDemo.Android.csproj", "{34EB7312-F5E5-49C0-AF80-CF521406CC7E}"
EndProject
Project("{FAE04EC0-301F-11D3-BF4B-00C04F79EFBC}") = "SignalRDemo.GameCore", "SignalRDemo.GameCore\SignalRDemo.GameCore.csproj", "{D1B592C8-9CC2-4B25-984A-C5676848C819}"
EndProject
Project("{FAE04EC0-301F-11D3-BF4B-00C04F79EFBC}") = "SignalRDemo.Web", "SignalRDemo.Web\SignalRDemo.Web.csproj", "{1AB07755-B01E-4F79-B280-C35F288BA784}"
EndProject
Project("{FAE04EC0-301F-11D3-BF4B-00C04F79EFBC}") = "SignalRDemo.WindowsStore", "SignalRDemo.WindowsStore\SignalRDemo.WindowsStore.csproj", "{4FD07628-6B6C-4934-8F44-66D1010CCDCE}"
EndProject
Project("{FAE04EC0-301F-11D3-BF4B-00C04F79EFBC}") = "SignalRDemo.iOS", "SignalRDemo.iOS\SignalRDemo.iOS.csproj", "{4CCA824B-3256-4A4E-910F-DFE24E5011CD}"
EndProject
Global
	GlobalSection(SolutionConfigurationPlatforms) = preSolution
		Ad-Hoc|Any CPU = Ad-Hoc|Any CPU
		Ad-Hoc|ARM = Ad-Hoc|ARM
		Ad-Hoc|iPhone = Ad-Hoc|iPhone
		Ad-Hoc|iPhoneSimulator = Ad-Hoc|iPhoneSimulator
		Ad-Hoc|Mixed Platforms = Ad-Hoc|Mixed Platforms
		Ad-Hoc|x64 = Ad-Hoc|x64
		Ad-Hoc|x86 = Ad-Hoc|x86
		AppStore|Any CPU = AppStore|Any CPU
		AppStore|ARM = AppStore|ARM
		AppStore|iPhone = AppStore|iPhone
		AppStore|iPhoneSimulator = AppStore|iPhoneSimulator
		AppStore|Mixed Platforms = AppStore|Mixed Platforms
		AppStore|x64 = AppStore|x64
		AppStore|x86 = AppStore|x86
		Debug|Any CPU = Debug|Any CPU
		Debug|ARM = Debug|ARM
		Debug|iPhone = Debug|iPhone
		Debug|iPhoneSimulator = Debug|iPhoneSimulator
		Debug|Mixed Platforms = Debug|Mixed Platforms
		Debug|x64 = Debug|x64
		Debug|x86 = Debug|x86
		Release|Any CPU = Release|Any CPU
		Release|ARM = Release|ARM
		Release|iPhone = Release|iPhone
		Release|iPhoneSimulator = Release|iPhoneSimulator
		Release|Mixed Platforms = Release|Mixed Platforms
		Release|x64 = Release|x64
		Release|x86 = Release|x86
	EndGlobalSection
	GlobalSection(ProjectConfigurationPlatforms) = postSolution
		{43E01A7D-81D2-4FFA-AB20-3C5BE9DCE130}.Ad-Hoc|Any CPU.ActiveCfg = Release|Any CPU
		{43E01A7D-81D2-4FFA-AB20-3C5BE9DCE130}.Ad-Hoc|Any CPU.Build.0 = Release|Any CPU
		{43E01A7D-81D2-4FFA-AB20-3C5BE9DCE130}.Ad-Hoc|ARM.ActiveCfg = Release|Any CPU
		{43E01A7D-81D2-4FFA-AB20-3C5BE9DCE130}.Ad-Hoc|iPhone.ActiveCfg = Release|Any CPU
		{43E01A7D-81D2-4FFA-AB20-3C5BE9DCE130}.Ad-Hoc|iPhoneSimulator.ActiveCfg = Release|Any CPU
		{43E01A7D-81D2-4FFA-AB20-3C5BE9DCE130}.Ad-Hoc|Mixed Platforms.ActiveCfg = Release|Any CPU
		{43E01A7D-81D2-4FFA-AB20-3C5BE9DCE130}.Ad-Hoc|Mixed Platforms.Build.0 = Release|Any CPU
		{43E01A7D-81D2-4FFA-AB20-3C5BE9DCE130}.Ad-Hoc|x64.ActiveCfg = Release|Any CPU
		{43E01A7D-81D2-4FFA-AB20-3C5BE9DCE130}.Ad-Hoc|x86.ActiveCfg = Release|Any CPU
		{43E01A7D-81D2-4FFA-AB20-3C5BE9DCE130}.AppStore|Any CPU.ActiveCfg = Release|Any CPU
		{43E01A7D-81D2-4FFA-AB20-3C5BE9DCE130}.AppStore|Any CPU.Build.0 = Release|Any CPU
		{43E01A7D-81D2-4FFA-AB20-3C5BE9DCE130}.AppStore|ARM.ActiveCfg = Release|Any CPU
		{43E01A7D-81D2-4FFA-AB20-3C5BE9DCE130}.AppStore|iPhone.ActiveCfg = Release|Any CPU
		{43E01A7D-81D2-4FFA-AB20-3C5BE9DCE130}.AppStore|iPhoneSimulator.ActiveCfg = Release|Any CPU
		{43E01A7D-81D2-4FFA-AB20-3C5BE9DCE130}.AppStore|Mixed Platforms.ActiveCfg = Release|Any CPU
		{43E01A7D-81D2-4FFA-AB20-3C5BE9DCE130}.AppStore|Mixed Platforms.Build.0 = Release|Any CPU
		{43E01A7D-81D2-4FFA-AB20-3C5BE9DCE130}.AppStore|x64.ActiveCfg = Release|Any CPU
		{43E01A7D-81D2-4FFA-AB20-3C5BE9DCE130}.AppStore|x86.ActiveCfg = Release|Any CPU
		{43E01A7D-81D2-4FFA-AB20-3C5BE9DCE130}.Debug|Any CPU.ActiveCfg = Debug|Any CPU
		{43E01A7D-81D2-4FFA-AB20-3C5BE9DCE130}.Debug|Any CPU.Build.0 = Debug|Any CPU
		{43E01A7D-81D2-4FFA-AB20-3C5BE9DCE130}.Debug|ARM.ActiveCfg = Debug|Any CPU
		{43E01A7D-81D2-4FFA-AB20-3C5BE9DCE130}.Debug|iPhone.ActiveCfg = Debug|Any CPU
		{43E01A7D-81D2-4FFA-AB20-3C5BE9DCE130}.Debug|iPhoneSimulator.ActiveCfg = Debug|Any CPU
		{43E01A7D-81D2-4FFA-AB20-3C5BE9DCE130}.Debug|Mixed Platforms.ActiveCfg = Debug|Any CPU
		{43E01A7D-81D2-4FFA-AB20-3C5BE9DCE130}.Debug|Mixed Platforms.Build.0 = Debug|Any CPU
		{43E01A7D-81D2-4FFA-AB20-3C5BE9DCE130}.Debug|x64.ActiveCfg = Debug|Any CPU
		{43E01A7D-81D2-4FFA-AB20-3C5BE9DCE130}.Debug|x86.ActiveCfg = Debug|Any CPU
		{43E01A7D-81D2-4FFA-AB20-3C5BE9DCE130}.Release|Any CPU.ActiveCfg = Release|Any CPU
		{43E01A7D-81D2-4FFA-AB20-3C5BE9DCE130}.Release|Any CPU.Build.0 = Release|Any CPU
		{43E01A7D-81D2-4FFA-AB20-3C5BE9DCE130}.Release|ARM.ActiveCfg = Release|Any CPU
		{43E01A7D-81D2-4FFA-AB20-3C5BE9DCE130}.Release|iPhone.ActiveCfg = Release|Any CPU
		{43E01A7D-81D2-4FFA-AB20-3C5BE9DCE130}.Release|iPhoneSimulator.ActiveCfg = Release|Any CPU
		{43E01A7D-81D2-4FFA-AB20-3C5BE9DCE130}.Release|Mixed Platforms.ActiveCfg = Release|Any CPU
		{43E01A7D-81D2-4FFA-AB20-3C5BE9DCE130}.Release|Mixed Platforms.Build.0 = Release|Any CPU
		{43E01A7D-81D2-4FFA-AB20-3C5BE9DCE130}.Release|x64.ActiveCfg = Release|Any CPU
		{43E01A7D-81D2-4FFA-AB20-3C5BE9DCE130}.Release|x86.ActiveCfg = Release|Any CPU
		{34EB7312-F5E5-49C0-AF80-CF521406CC7E}.Ad-Hoc|Any CPU.ActiveCfg = Release|Any CPU
		{34EB7312-F5E5-49C0-AF80-CF521406CC7E}.Ad-Hoc|Any CPU.Build.0 = Release|Any CPU
		{34EB7312-F5E5-49C0-AF80-CF521406CC7E}.Ad-Hoc|Any CPU.Deploy.0 = Release|Any CPU
		{34EB7312-F5E5-49C0-AF80-CF521406CC7E}.Ad-Hoc|ARM.ActiveCfg = Release|Any CPU
		{34EB7312-F5E5-49C0-AF80-CF521406CC7E}.Ad-Hoc|iPhone.ActiveCfg = Release|Any CPU
		{34EB7312-F5E5-49C0-AF80-CF521406CC7E}.Ad-Hoc|iPhoneSimulator.ActiveCfg = Release|Any CPU
		{34EB7312-F5E5-49C0-AF80-CF521406CC7E}.Ad-Hoc|Mixed Platforms.ActiveCfg = Release|Any CPU
		{34EB7312-F5E5-49C0-AF80-CF521406CC7E}.Ad-Hoc|Mixed Platforms.Build.0 = Release|Any CPU
		{34EB7312-F5E5-49C0-AF80-CF521406CC7E}.Ad-Hoc|Mixed Platforms.Deploy.0 = Release|Any CPU
		{34EB7312-F5E5-49C0-AF80-CF521406CC7E}.Ad-Hoc|x64.ActiveCfg = Release|Any CPU
		{34EB7312-F5E5-49C0-AF80-CF521406CC7E}.Ad-Hoc|x86.ActiveCfg = Release|Any CPU
		{34EB7312-F5E5-49C0-AF80-CF521406CC7E}.AppStore|Any CPU.ActiveCfg = Release|Any CPU
		{34EB7312-F5E5-49C0-AF80-CF521406CC7E}.AppStore|Any CPU.Build.0 = Release|Any CPU
		{34EB7312-F5E5-49C0-AF80-CF521406CC7E}.AppStore|Any CPU.Deploy.0 = Release|Any CPU
		{34EB7312-F5E5-49C0-AF80-CF521406CC7E}.AppStore|ARM.ActiveCfg = Release|Any CPU
		{34EB7312-F5E5-49C0-AF80-CF521406CC7E}.AppStore|iPhone.ActiveCfg = Release|Any CPU
		{34EB7312-F5E5-49C0-AF80-CF521406CC7E}.AppStore|iPhoneSimulator.ActiveCfg = Release|Any CPU
		{34EB7312-F5E5-49C0-AF80-CF521406CC7E}.AppStore|Mixed Platforms.ActiveCfg = Release|Any CPU
		{34EB7312-F5E5-49C0-AF80-CF521406CC7E}.AppStore|Mixed Platforms.Build.0 = Release|Any CPU
		{34EB7312-F5E5-49C0-AF80-CF521406CC7E}.AppStore|Mixed Platforms.Deploy.0 = Release|Any CPU
		{34EB7312-F5E5-49C0-AF80-CF521406CC7E}.AppStore|x64.ActiveCfg = Release|Any CPU
		{34EB7312-F5E5-49C0-AF80-CF521406CC7E}.AppStore|x86.ActiveCfg = Release|Any CPU
		{34EB7312-F5E5-49C0-AF80-CF521406CC7E}.Debug|Any CPU.ActiveCfg = Debug|Any CPU
		{34EB7312-F5E5-49C0-AF80-CF521406CC7E}.Debug|Any CPU.Build.0 = Debug|Any CPU
		{34EB7312-F5E5-49C0-AF80-CF521406CC7E}.Debug|Any CPU.Deploy.0 = Debug|Any CPU
		{34EB7312-F5E5-49C0-AF80-CF521406CC7E}.Debug|ARM.ActiveCfg = Debug|Any CPU
		{34EB7312-F5E5-49C0-AF80-CF521406CC7E}.Debug|iPhone.ActiveCfg = Debug|Any CPU
		{34EB7312-F5E5-49C0-AF80-CF521406CC7E}.Debug|iPhoneSimulator.ActiveCfg = Debug|Any CPU
		{34EB7312-F5E5-49C0-AF80-CF521406CC7E}.Debug|Mixed Platforms.ActiveCfg = Debug|Any CPU
		{34EB7312-F5E5-49C0-AF80-CF521406CC7E}.Debug|Mixed Platforms.Build.0 = Debug|Any CPU
		{34EB7312-F5E5-49C0-AF80-CF521406CC7E}.Debug|Mixed Platforms.Deploy.0 = Debug|Any CPU
		{34EB7312-F5E5-49C0-AF80-CF521406CC7E}.Debug|x64.ActiveCfg = Debug|Any CPU
		{34EB7312-F5E5-49C0-AF80-CF521406CC7E}.Debug|x86.ActiveCfg = Debug|Any CPU
		{34EB7312-F5E5-49C0-AF80-CF521406CC7E}.Release|Any CPU.ActiveCfg = Release|Any CPU
		{34EB7312-F5E5-49C0-AF80-CF521406CC7E}.Release|Any CPU.Build.0 = Release|Any CPU
		{34EB7312-F5E5-49C0-AF80-CF521406CC7E}.Release|Any CPU.Deploy.0 = Release|Any CPU
		{34EB7312-F5E5-49C0-AF80-CF521406CC7E}.Release|ARM.ActiveCfg = Release|Any CPU
		{34EB7312-F5E5-49C0-AF80-CF521406CC7E}.Release|iPhone.ActiveCfg = Release|Any CPU
		{34EB7312-F5E5-49C0-AF80-CF521406CC7E}.Release|iPhoneSimulator.ActiveCfg = Release|Any CPU
		{34EB7312-F5E5-49C0-AF80-CF521406CC7E}.Release|Mixed Platforms.ActiveCfg = Release|Any CPU
		{34EB7312-F5E5-49C0-AF80-CF521406CC7E}.Release|Mixed Platforms.Build.0 = Release|Any CPU
		{34EB7312-F5E5-49C0-AF80-CF521406CC7E}.Release|Mixed Platforms.Deploy.0 = Release|Any CPU
		{34EB7312-F5E5-49C0-AF80-CF521406CC7E}.Release|x64.ActiveCfg = Release|Any CPU
		{34EB7312-F5E5-49C0-AF80-CF521406CC7E}.Release|x86.ActiveCfg = Release|Any CPU
		{D1B592C8-9CC2-4B25-984A-C5676848C819}.Ad-Hoc|Any CPU.ActiveCfg = Release|Any CPU
		{D1B592C8-9CC2-4B25-984A-C5676848C819}.Ad-Hoc|Any CPU.Build.0 = Release|Any CPU
		{D1B592C8-9CC2-4B25-984A-C5676848C819}.Ad-Hoc|ARM.ActiveCfg = Release|Any CPU
		{D1B592C8-9CC2-4B25-984A-C5676848C819}.Ad-Hoc|iPhone.ActiveCfg = Release|Any CPU
		{D1B592C8-9CC2-4B25-984A-C5676848C819}.Ad-Hoc|iPhoneSimulator.ActiveCfg = Release|Any CPU
		{D1B592C8-9CC2-4B25-984A-C5676848C819}.Ad-Hoc|Mixed Platforms.ActiveCfg = Release|Any CPU
		{D1B592C8-9CC2-4B25-984A-C5676848C819}.Ad-Hoc|Mixed Platforms.Build.0 = Release|Any CPU
		{D1B592C8-9CC2-4B25-984A-C5676848C819}.Ad-Hoc|x64.ActiveCfg = Release|Any CPU
		{D1B592C8-9CC2-4B25-984A-C5676848C819}.Ad-Hoc|x86.ActiveCfg = Release|Any CPU
		{D1B592C8-9CC2-4B25-984A-C5676848C819}.AppStore|Any CPU.ActiveCfg = Release|Any CPU
		{D1B592C8-9CC2-4B25-984A-C5676848C819}.AppStore|Any CPU.Build.0 = Release|Any CPU
		{D1B592C8-9CC2-4B25-984A-C5676848C819}.AppStore|ARM.ActiveCfg = Release|Any CPU
		{D1B592C8-9CC2-4B25-984A-C5676848C819}.AppStore|iPhone.ActiveCfg = Release|Any CPU
		{D1B592C8-9CC2-4B25-984A-C5676848C819}.AppStore|iPhoneSimulator.ActiveCfg = Release|Any CPU
		{D1B592C8-9CC2-4B25-984A-C5676848C819}.AppStore|Mixed Platforms.ActiveCfg = Release|Any CPU
		{D1B592C8-9CC2-4B25-984A-C5676848C819}.AppStore|Mixed Platforms.Build.0 = Release|Any CPU
		{D1B592C8-9CC2-4B25-984A-C5676848C819}.AppStore|x64.ActiveCfg = Release|Any CPU
		{D1B592C8-9CC2-4B25-984A-C5676848C819}.AppStore|x86.ActiveCfg = Release|Any CPU
		{D1B592C8-9CC2-4B25-984A-C5676848C819}.Debug|Any CPU.ActiveCfg = Debug|Any CPU
		{D1B592C8-9CC2-4B25-984A-C5676848C819}.Debug|Any CPU.Build.0 = Debug|Any CPU
		{D1B592C8-9CC2-4B25-984A-C5676848C819}.Debug|ARM.ActiveCfg = Debug|Any CPU
		{D1B592C8-9CC2-4B25-984A-C5676848C819}.Debug|iPhone.ActiveCfg = Debug|Any CPU
		{D1B592C8-9CC2-4B25-984A-C5676848C819}.Debug|iPhoneSimulator.ActiveCfg = Debug|Any CPU
		{D1B592C8-9CC2-4B25-984A-C5676848C819}.Debug|Mixed Platforms.ActiveCfg = Debug|Any CPU
		{D1B592C8-9CC2-4B25-984A-C5676848C819}.Debug|Mixed Platforms.Build.0 = Debug|Any CPU
		{D1B592C8-9CC2-4B25-984A-C5676848C819}.Debug|x64.ActiveCfg = Debug|Any CPU
		{D1B592C8-9CC2-4B25-984A-C5676848C819}.Debug|x86.ActiveCfg = Debug|Any CPU
		{D1B592C8-9CC2-4B25-984A-C5676848C819}.Release|Any CPU.ActiveCfg = Release|Any CPU
		{D1B592C8-9CC2-4B25-984A-C5676848C819}.Release|Any CPU.Build.0 = Release|Any CPU
		{D1B592C8-9CC2-4B25-984A-C5676848C819}.Release|ARM.ActiveCfg = Release|Any CPU
		{D1B592C8-9CC2-4B25-984A-C5676848C819}.Release|iPhone.ActiveCfg = Release|Any CPU
		{D1B592C8-9CC2-4B25-984A-C5676848C819}.Release|iPhoneSimulator.ActiveCfg = Release|Any CPU
		{D1B592C8-9CC2-4B25-984A-C5676848C819}.Release|Mixed Platforms.ActiveCfg = Release|Any CPU
		{D1B592C8-9CC2-4B25-984A-C5676848C819}.Release|Mixed Platforms.Build.0 = Release|Any CPU
		{D1B592C8-9CC2-4B25-984A-C5676848C819}.Release|x64.ActiveCfg = Release|Any CPU
		{D1B592C8-9CC2-4B25-984A-C5676848C819}.Release|x86.ActiveCfg = Release|Any CPU
		{1AB07755-B01E-4F79-B280-C35F288BA784}.Ad-Hoc|Any CPU.ActiveCfg = Release|Any CPU
		{1AB07755-B01E-4F79-B280-C35F288BA784}.Ad-Hoc|Any CPU.Build.0 = Release|Any CPU
		{1AB07755-B01E-4F79-B280-C35F288BA784}.Ad-Hoc|ARM.ActiveCfg = Release|Any CPU
		{1AB07755-B01E-4F79-B280-C35F288BA784}.Ad-Hoc|iPhone.ActiveCfg = Release|Any CPU
		{1AB07755-B01E-4F79-B280-C35F288BA784}.Ad-Hoc|iPhoneSimulator.ActiveCfg = Release|Any CPU
		{1AB07755-B01E-4F79-B280-C35F288BA784}.Ad-Hoc|Mixed Platforms.ActiveCfg = Release|Any CPU
		{1AB07755-B01E-4F79-B280-C35F288BA784}.Ad-Hoc|Mixed Platforms.Build.0 = Release|Any CPU
		{1AB07755-B01E-4F79-B280-C35F288BA784}.Ad-Hoc|x64.ActiveCfg = Release|Any CPU
		{1AB07755-B01E-4F79-B280-C35F288BA784}.Ad-Hoc|x86.ActiveCfg = Release|Any CPU
		{1AB07755-B01E-4F79-B280-C35F288BA784}.AppStore|Any CPU.ActiveCfg = Release|Any CPU
		{1AB07755-B01E-4F79-B280-C35F288BA784}.AppStore|Any CPU.Build.0 = Release|Any CPU
		{1AB07755-B01E-4F79-B280-C35F288BA784}.AppStore|ARM.ActiveCfg = Release|Any CPU
		{1AB07755-B01E-4F79-B280-C35F288BA784}.AppStore|iPhone.ActiveCfg = Release|Any CPU
		{1AB07755-B01E-4F79-B280-C35F288BA784}.AppStore|iPhoneSimulator.ActiveCfg = Release|Any CPU
		{1AB07755-B01E-4F79-B280-C35F288BA784}.AppStore|Mixed Platforms.ActiveCfg = Release|Any CPU
		{1AB07755-B01E-4F79-B280-C35F288BA784}.AppStore|Mixed Platforms.Build.0 = Release|Any CPU
		{1AB07755-B01E-4F79-B280-C35F288BA784}.AppStore|x64.ActiveCfg = Release|Any CPU
		{1AB07755-B01E-4F79-B280-C35F288BA784}.AppStore|x86.ActiveCfg = Release|Any CPU
		{1AB07755-B01E-4F79-B280-C35F288BA784}.Debug|Any CPU.ActiveCfg = Debug|Any CPU
		{1AB07755-B01E-4F79-B280-C35F288BA784}.Debug|Any CPU.Build.0 = Debug|Any CPU
		{1AB07755-B01E-4F79-B280-C35F288BA784}.Debug|ARM.ActiveCfg = Debug|Any CPU
		{1AB07755-B01E-4F79-B280-C35F288BA784}.Debug|iPhone.ActiveCfg = Debug|Any CPU
		{1AB07755-B01E-4F79-B280-C35F288BA784}.Debug|iPhoneSimulator.ActiveCfg = Debug|Any CPU
		{1AB07755-B01E-4F79-B280-C35F288BA784}.Debug|Mixed Platforms.ActiveCfg = Debug|Any CPU
		{1AB07755-B01E-4F79-B280-C35F288BA784}.Debug|Mixed Platforms.Build.0 = Debug|Any CPU
		{1AB07755-B01E-4F79-B280-C35F288BA784}.Debug|x64.ActiveCfg = Debug|Any CPU
		{1AB07755-B01E-4F79-B280-C35F288BA784}.Debug|x86.ActiveCfg = Debug|Any CPU
		{1AB07755-B01E-4F79-B280-C35F288BA784}.Release|Any CPU.ActiveCfg = Release|Any CPU
		{1AB07755-B01E-4F79-B280-C35F288BA784}.Release|Any CPU.Build.0 = Release|Any CPU
		{1AB07755-B01E-4F79-B280-C35F288BA784}.Release|ARM.ActiveCfg = Release|Any CPU
		{1AB07755-B01E-4F79-B280-C35F288BA784}.Release|iPhone.ActiveCfg = Release|Any CPU
		{1AB07755-B01E-4F79-B280-C35F288BA784}.Release|iPhoneSimulator.ActiveCfg = Release|Any CPU
		{1AB07755-B01E-4F79-B280-C35F288BA784}.Release|Mixed Platforms.ActiveCfg = Release|Any CPU
		{1AB07755-B01E-4F79-B280-C35F288BA784}.Release|Mixed Platforms.Build.0 = Release|Any CPU
		{1AB07755-B01E-4F79-B280-C35F288BA784}.Release|x64.ActiveCfg = Release|Any CPU
		{1AB07755-B01E-4F79-B280-C35F288BA784}.Release|x86.ActiveCfg = Release|Any CPU
		{4FD07628-6B6C-4934-8F44-66D1010CCDCE}.Ad-Hoc|Any CPU.ActiveCfg = Release|Any CPU
		{4FD07628-6B6C-4934-8F44-66D1010CCDCE}.Ad-Hoc|Any CPU.Build.0 = Release|Any CPU
		{4FD07628-6B6C-4934-8F44-66D1010CCDCE}.Ad-Hoc|Any CPU.Deploy.0 = Release|Any CPU
		{4FD07628-6B6C-4934-8F44-66D1010CCDCE}.Ad-Hoc|ARM.ActiveCfg = Release|ARM
		{4FD07628-6B6C-4934-8F44-66D1010CCDCE}.Ad-Hoc|ARM.Build.0 = Release|ARM
		{4FD07628-6B6C-4934-8F44-66D1010CCDCE}.Ad-Hoc|ARM.Deploy.0 = Release|ARM
		{4FD07628-6B6C-4934-8F44-66D1010CCDCE}.Ad-Hoc|iPhone.ActiveCfg = Release|Any CPU
		{4FD07628-6B6C-4934-8F44-66D1010CCDCE}.Ad-Hoc|iPhoneSimulator.ActiveCfg = Release|Any CPU
		{4FD07628-6B6C-4934-8F44-66D1010CCDCE}.Ad-Hoc|Mixed Platforms.ActiveCfg = Release|x86
		{4FD07628-6B6C-4934-8F44-66D1010CCDCE}.Ad-Hoc|Mixed Platforms.Build.0 = Release|x86
		{4FD07628-6B6C-4934-8F44-66D1010CCDCE}.Ad-Hoc|Mixed Platforms.Deploy.0 = Release|x86
		{4FD07628-6B6C-4934-8F44-66D1010CCDCE}.Ad-Hoc|x64.ActiveCfg = Release|x64
		{4FD07628-6B6C-4934-8F44-66D1010CCDCE}.Ad-Hoc|x64.Build.0 = Release|x64
		{4FD07628-6B6C-4934-8F44-66D1010CCDCE}.Ad-Hoc|x64.Deploy.0 = Release|x64
		{4FD07628-6B6C-4934-8F44-66D1010CCDCE}.Ad-Hoc|x86.ActiveCfg = Release|x86
		{4FD07628-6B6C-4934-8F44-66D1010CCDCE}.Ad-Hoc|x86.Build.0 = Release|x86
		{4FD07628-6B6C-4934-8F44-66D1010CCDCE}.Ad-Hoc|x86.Deploy.0 = Release|x86
		{4FD07628-6B6C-4934-8F44-66D1010CCDCE}.AppStore|Any CPU.ActiveCfg = Release|Any CPU
		{4FD07628-6B6C-4934-8F44-66D1010CCDCE}.AppStore|Any CPU.Build.0 = Release|Any CPU
		{4FD07628-6B6C-4934-8F44-66D1010CCDCE}.AppStore|Any CPU.Deploy.0 = Release|Any CPU
		{4FD07628-6B6C-4934-8F44-66D1010CCDCE}.AppStore|ARM.ActiveCfg = Release|ARM
		{4FD07628-6B6C-4934-8F44-66D1010CCDCE}.AppStore|ARM.Build.0 = Release|ARM
		{4FD07628-6B6C-4934-8F44-66D1010CCDCE}.AppStore|ARM.Deploy.0 = Release|ARM
		{4FD07628-6B6C-4934-8F44-66D1010CCDCE}.AppStore|iPhone.ActiveCfg = Release|Any CPU
		{4FD07628-6B6C-4934-8F44-66D1010CCDCE}.AppStore|iPhoneSimulator.ActiveCfg = Release|Any CPU
		{4FD07628-6B6C-4934-8F44-66D1010CCDCE}.AppStore|Mixed Platforms.ActiveCfg = Release|x86
		{4FD07628-6B6C-4934-8F44-66D1010CCDCE}.AppStore|Mixed Platforms.Build.0 = Release|x86
		{4FD07628-6B6C-4934-8F44-66D1010CCDCE}.AppStore|Mixed Platforms.Deploy.0 = Release|x86
		{4FD07628-6B6C-4934-8F44-66D1010CCDCE}.AppStore|x64.ActiveCfg = Release|x64
		{4FD07628-6B6C-4934-8F44-66D1010CCDCE}.AppStore|x64.Build.0 = Release|x64
		{4FD07628-6B6C-4934-8F44-66D1010CCDCE}.AppStore|x64.Deploy.0 = Release|x64
		{4FD07628-6B6C-4934-8F44-66D1010CCDCE}.AppStore|x86.ActiveCfg = Release|x86
		{4FD07628-6B6C-4934-8F44-66D1010CCDCE}.AppStore|x86.Build.0 = Release|x86
		{4FD07628-6B6C-4934-8F44-66D1010CCDCE}.AppStore|x86.Deploy.0 = Release|x86
		{4FD07628-6B6C-4934-8F44-66D1010CCDCE}.Debug|Any CPU.ActiveCfg = Debug|Any CPU
		{4FD07628-6B6C-4934-8F44-66D1010CCDCE}.Debug|Any CPU.Build.0 = Debug|Any CPU
		{4FD07628-6B6C-4934-8F44-66D1010CCDCE}.Debug|Any CPU.Deploy.0 = Debug|Any CPU
		{4FD07628-6B6C-4934-8F44-66D1010CCDCE}.Debug|ARM.ActiveCfg = Debug|ARM
		{4FD07628-6B6C-4934-8F44-66D1010CCDCE}.Debug|ARM.Build.0 = Debug|ARM
		{4FD07628-6B6C-4934-8F44-66D1010CCDCE}.Debug|ARM.Deploy.0 = Debug|ARM
		{4FD07628-6B6C-4934-8F44-66D1010CCDCE}.Debug|iPhone.ActiveCfg = Debug|Any CPU
		{4FD07628-6B6C-4934-8F44-66D1010CCDCE}.Debug|iPhoneSimulator.ActiveCfg = Debug|Any CPU
		{4FD07628-6B6C-4934-8F44-66D1010CCDCE}.Debug|Mixed Platforms.ActiveCfg = Debug|x86
		{4FD07628-6B6C-4934-8F44-66D1010CCDCE}.Debug|Mixed Platforms.Build.0 = Debug|x86
		{4FD07628-6B6C-4934-8F44-66D1010CCDCE}.Debug|x64.ActiveCfg = Debug|x64
		{4FD07628-6B6C-4934-8F44-66D1010CCDCE}.Debug|x64.Build.0 = Debug|x64
		{4FD07628-6B6C-4934-8F44-66D1010CCDCE}.Debug|x64.Deploy.0 = Debug|x64
		{4FD07628-6B6C-4934-8F44-66D1010CCDCE}.Debug|x86.ActiveCfg = Debug|x86
		{4FD07628-6B6C-4934-8F44-66D1010CCDCE}.Debug|x86.Build.0 = Debug|x86
		{4FD07628-6B6C-4934-8F44-66D1010CCDCE}.Debug|x86.Deploy.0 = Debug|x86
		{4FD07628-6B6C-4934-8F44-66D1010CCDCE}.Release|Any CPU.ActiveCfg = Release|Any CPU
		{4FD07628-6B6C-4934-8F44-66D1010CCDCE}.Release|Any CPU.Build.0 = Release|Any CPU
		{4FD07628-6B6C-4934-8F44-66D1010CCDCE}.Release|Any CPU.Deploy.0 = Release|Any CPU
		{4FD07628-6B6C-4934-8F44-66D1010CCDCE}.Release|ARM.ActiveCfg = Release|ARM
		{4FD07628-6B6C-4934-8F44-66D1010CCDCE}.Release|ARM.Build.0 = Release|ARM
		{4FD07628-6B6C-4934-8F44-66D1010CCDCE}.Release|ARM.Deploy.0 = Release|ARM
		{4FD07628-6B6C-4934-8F44-66D1010CCDCE}.Release|iPhone.ActiveCfg = Release|Any CPU
		{4FD07628-6B6C-4934-8F44-66D1010CCDCE}.Release|iPhoneSimulator.ActiveCfg = Release|Any CPU
		{4FD07628-6B6C-4934-8F44-66D1010CCDCE}.Release|Mixed Platforms.ActiveCfg = Release|x86
		{4FD07628-6B6C-4934-8F44-66D1010CCDCE}.Release|Mixed Platforms.Build.0 = Release|x86
		{4FD07628-6B6C-4934-8F44-66D1010CCDCE}.Release|Mixed Platforms.Deploy.0 = Release|x86
		{4FD07628-6B6C-4934-8F44-66D1010CCDCE}.Release|x64.ActiveCfg = Release|x64
		{4FD07628-6B6C-4934-8F44-66D1010CCDCE}.Release|x64.Build.0 = Release|x64
		{4FD07628-6B6C-4934-8F44-66D1010CCDCE}.Release|x64.Deploy.0 = Release|x64
		{4FD07628-6B6C-4934-8F44-66D1010CCDCE}.Release|x86.ActiveCfg = Release|x86
		{4FD07628-6B6C-4934-8F44-66D1010CCDCE}.Release|x86.Build.0 = Release|x86
		{4FD07628-6B6C-4934-8F44-66D1010CCDCE}.Release|x86.Deploy.0 = Release|x86
		{4CCA824B-3256-4A4E-910F-DFE24E5011CD}.Ad-Hoc|Any CPU.ActiveCfg = Ad-Hoc|iPhone
		{4CCA824B-3256-4A4E-910F-DFE24E5011CD}.Ad-Hoc|ARM.ActiveCfg = Ad-Hoc|iPhone
		{4CCA824B-3256-4A4E-910F-DFE24E5011CD}.Ad-Hoc|iPhone.ActiveCfg = Ad-Hoc|iPhone
		{4CCA824B-3256-4A4E-910F-DFE24E5011CD}.Ad-Hoc|iPhone.Build.0 = Ad-Hoc|iPhone
		{4CCA824B-3256-4A4E-910F-DFE24E5011CD}.Ad-Hoc|iPhone.Deploy.0 = Ad-Hoc|iPhone
		{4CCA824B-3256-4A4E-910F-DFE24E5011CD}.Ad-Hoc|iPhoneSimulator.ActiveCfg = Ad-Hoc|iPhoneSimulator
		{4CCA824B-3256-4A4E-910F-DFE24E5011CD}.Ad-Hoc|iPhoneSimulator.Build.0 = Ad-Hoc|iPhoneSimulator
		{4CCA824B-3256-4A4E-910F-DFE24E5011CD}.Ad-Hoc|iPhoneSimulator.Deploy.0 = Ad-Hoc|iPhoneSimulator
		{4CCA824B-3256-4A4E-910F-DFE24E5011CD}.Ad-Hoc|Mixed Platforms.ActiveCfg = Ad-Hoc|iPhone
		{4CCA824B-3256-4A4E-910F-DFE24E5011CD}.Ad-Hoc|Mixed Platforms.Build.0 = Ad-Hoc|iPhone
		{4CCA824B-3256-4A4E-910F-DFE24E5011CD}.Ad-Hoc|Mixed Platforms.Deploy.0 = Ad-Hoc|iPhone
		{4CCA824B-3256-4A4E-910F-DFE24E5011CD}.Ad-Hoc|x64.ActiveCfg = Ad-Hoc|iPhone
		{4CCA824B-3256-4A4E-910F-DFE24E5011CD}.Ad-Hoc|x86.ActiveCfg = Ad-Hoc|iPhone
		{4CCA824B-3256-4A4E-910F-DFE24E5011CD}.AppStore|Any CPU.ActiveCfg = AppStore|iPhone
		{4CCA824B-3256-4A4E-910F-DFE24E5011CD}.AppStore|ARM.ActiveCfg = AppStore|iPhone
		{4CCA824B-3256-4A4E-910F-DFE24E5011CD}.AppStore|iPhone.ActiveCfg = AppStore|iPhone
		{4CCA824B-3256-4A4E-910F-DFE24E5011CD}.AppStore|iPhone.Build.0 = AppStore|iPhone
		{4CCA824B-3256-4A4E-910F-DFE24E5011CD}.AppStore|iPhone.Deploy.0 = AppStore|iPhone
		{4CCA824B-3256-4A4E-910F-DFE24E5011CD}.AppStore|iPhoneSimulator.ActiveCfg = AppStore|iPhoneSimulator
		{4CCA824B-3256-4A4E-910F-DFE24E5011CD}.AppStore|iPhoneSimulator.Build.0 = AppStore|iPhoneSimulator
		{4CCA824B-3256-4A4E-910F-DFE24E5011CD}.AppStore|iPhoneSimulator.Deploy.0 = AppStore|iPhoneSimulator
		{4CCA824B-3256-4A4E-910F-DFE24E5011CD}.AppStore|Mixed Platforms.ActiveCfg = AppStore|iPhone
		{4CCA824B-3256-4A4E-910F-DFE24E5011CD}.AppStore|Mixed Platforms.Build.0 = AppStore|iPhone
		{4CCA824B-3256-4A4E-910F-DFE24E5011CD}.AppStore|Mixed Platforms.Deploy.0 = AppStore|iPhone
		{4CCA824B-3256-4A4E-910F-DFE24E5011CD}.AppStore|x64.ActiveCfg = AppStore|iPhone
		{4CCA824B-3256-4A4E-910F-DFE24E5011CD}.AppStore|x86.ActiveCfg = AppStore|iPhone
		{4CCA824B-3256-4A4E-910F-DFE24E5011CD}.Debug|Any CPU.ActiveCfg = Debug|iPhone
		{4CCA824B-3256-4A4E-910F-DFE24E5011CD}.Debug|ARM.ActiveCfg = Debug|iPhone
		{4CCA824B-3256-4A4E-910F-DFE24E5011CD}.Debug|iPhone.ActiveCfg = Debug|iPhone
		{4CCA824B-3256-4A4E-910F-DFE24E5011CD}.Debug|iPhone.Build.0 = Debug|iPhone
		{4CCA824B-3256-4A4E-910F-DFE24E5011CD}.Debug|iPhone.Deploy.0 = Debug|iPhone
		{4CCA824B-3256-4A4E-910F-DFE24E5011CD}.Debug|iPhoneSimulator.ActiveCfg = Debug|iPhoneSimulator
		{4CCA824B-3256-4A4E-910F-DFE24E5011CD}.Debug|iPhoneSimulator.Build.0 = Debug|iPhoneSimulator
		{4CCA824B-3256-4A4E-910F-DFE24E5011CD}.Debug|iPhoneSimulator.Deploy.0 = Debug|iPhoneSimulator
		{4CCA824B-3256-4A4E-910F-DFE24E5011CD}.Debug|Mixed Platforms.ActiveCfg = Debug|iPhone
		{4CCA824B-3256-4A4E-910F-DFE24E5011CD}.Debug|Mixed Platforms.Build.0 = Debug|iPhone
		{4CCA824B-3256-4A4E-910F-DFE24E5011CD}.Debug|x64.ActiveCfg = Debug|iPhone
		{4CCA824B-3256-4A4E-910F-DFE24E5011CD}.Debug|x86.ActiveCfg = Debug|iPhone
		{4CCA824B-3256-4A4E-910F-DFE24E5011CD}.Release|Any CPU.ActiveCfg = Release|iPhone
		{4CCA824B-3256-4A4E-910F-DFE24E5011CD}.Release|ARM.ActiveCfg = Release|iPhone
		{4CCA824B-3256-4A4E-910F-DFE24E5011CD}.Release|iPhone.ActiveCfg = Release|iPhone
		{4CCA824B-3256-4A4E-910F-DFE24E5011CD}.Release|iPhone.Build.0 = Release|iPhone
		{4CCA824B-3256-4A4E-910F-DFE24E5011CD}.Release|iPhone.Deploy.0 = Release|iPhone
		{4CCA824B-3256-4A4E-910F-DFE24E5011CD}.Release|iPhoneSimulator.ActiveCfg = Release|iPhoneSimulator
		{4CCA824B-3256-4A4E-910F-DFE24E5011CD}.Release|iPhoneSimulator.Build.0 = Release|iPhoneSimulator
		{4CCA824B-3256-4A4E-910F-DFE24E5011CD}.Release|iPhoneSimulator.Deploy.0 = Release|iPhoneSimulator
		{4CCA824B-3256-4A4E-910F-DFE24E5011CD}.Release|Mixed Platforms.ActiveCfg = Release|iPhone
		{4CCA824B-3256-4A4E-910F-DFE24E5011CD}.Release|Mixed Platforms.Build.0 = Release|iPhone
		{4CCA824B-3256-4A4E-910F-DFE24E5011CD}.Release|Mixed Platforms.Deploy.0 = Release|iPhone
		{4CCA824B-3256-4A4E-910F-DFE24E5011CD}.Release|x64.ActiveCfg = Release|iPhone
		{4CCA824B-3256-4A4E-910F-DFE24E5011CD}.Release|x86.ActiveCfg = Release|iPhone
	EndGlobalSection
	GlobalSection(SolutionProperties) = preSolution
		HideSolutionNode = FALSE
	EndGlobalSection
EndGlobal
